# DO NOT EDIT MANUALLY - Managed by Fern Replay
version: "1.0"
generations:
  - commit_sha: ec6e369aa68ef6905bc4db07e7762c3ca8cabc25
    tree_hash: 818062eb73601d072bce4cc57b28ddbbce51fd20
    timestamp: 2026-08-04T12:14:47.129Z
    cli_version: unknown
    generator_versions: {}
  - commit_sha: 8286bcb3d42f238e7ec10981d9e51bd1f7d63f65
    tree_hash: 88d29e8bb03444ef17c5c741cc34c46c822ef5a2
    timestamp: 2026-08-04T12:14:47.482Z
    cli_version: unknown
    generator_versions:
      fernapi/fern-csharp-sdk: 2.80.0
current_generation: 8286bcb3d42f238e7ec10981d9e51bd1f7d63f65
patches: []
