# DO NOT EDIT MANUALLY - Managed by Fern Replay
version: "1.0"
generations:
  - commit_sha: ec6e369aa68ef6905bc4db07e7762c3ca8cabc25
    tree_hash: 818062eb73601d072bce4cc57b28ddbbce51fd20
    timestamp: 2026-08-04T12:14:47.129Z
    cli_version: unknown
    generator_versions: {}
current_generation: ec6e369aa68ef6905bc4db07e7762c3ca8cabc25
patches: []
