
Microsoft Visual Studio Solution File, Format Version 12.00
# Visual Studio Version 17
VisualStudioVersion = 17.0.31903.59
MinimumVisualStudioVersion = 10.0.40219.1
Project("{FAE04EC0-301F-11D3-BF4B-00C04F79EFBC}") = "NewscatcherApi", "NewscatcherApi\NewscatcherApi.csproj", "{9A051B66-1F0C-4324-A6F8-80D63EB1C5A5}"
EndProject
Project("{FAE04EC0-301F-11D3-BF4B-00C04F79EFBC}") = "NewscatcherApi.Test", "NewscatcherApi.Test\NewscatcherApi.Test.csproj", "{5713991F-5AAE-42A2-A2B5-9E5B730BE4A1}"
EndProject
Global
	GlobalSection(SolutionConfigurationPlatforms) = preSolution
		Debug|Any CPU = Debug|Any CPU
		Release|Any CPU = Release|Any CPU
	EndGlobalSection
	GlobalSection(SolutionProperties) = preSolution
		HideSolutionNode = FALSE
	EndGlobalSection
	GlobalSection(ProjectConfigurationPlatforms) = postSolution
		{9A051B66-1F0C-4324-A6F8-80D63EB1C5A5}.Debug|Any CPU.ActiveCfg = Debug|Any CPU
		{9A051B66-1F0C-4324-A6F8-80D63EB1C5A5}.Debug|Any CPU.Build.0 = Debug|Any CPU
		{9A051B66-1F0C-4324-A6F8-80D63EB1C5A5}.Release|Any CPU.ActiveCfg = Release|Any CPU
		{9A051B66-1F0C-4324-A6F8-80D63EB1C5A5}.Release|Any CPU.Build.0 = Release|Any CPU
		{5713991F-5AAE-42A2-A2B5-9E5B730BE4A1}.Debug|Any CPU.ActiveCfg = Debug|Any CPU
		{5713991F-5AAE-42A2-A2B5-9E5B730BE4A1}.Debug|Any CPU.Build.0 = Debug|Any CPU
		{5713991F-5AAE-42A2-A2B5-9E5B730BE4A1}.Release|Any CPU.ActiveCfg = Release|Any CPU
		{5713991F-5AAE-42A2-A2B5-9E5B730BE4A1}.Release|Any CPU.Build.0 = Release|Any CPU
	EndGlobalSection
EndGlobal
