
Microsoft Visual Studio Solution File, Format Version 12.00
# Visual Studio Version 17
VisualStudioVersion = 17.0.31903.59
MinimumVisualStudioVersion = 10.0.40219.1
Project("{FAE04EC0-301F-11D3-BF4B-00C04F79EFBC}") = "NewscatcherApi", "NewscatcherApi\NewscatcherApi.csproj", "{ECFDD6C7-6918-4FB3-9391-F31E4136F89F}"
EndProject
Project("{FAE04EC0-301F-11D3-BF4B-00C04F79EFBC}") = "NewscatcherApi.Test", "NewscatcherApi.Test\NewscatcherApi.Test.csproj", "{FDC5411F-8A35-47D5-AE42-8F3ACCE4CD79}"
EndProject
Global
	GlobalSection(SolutionConfigurationPlatforms) = preSolution
		Debug|Any CPU = Debug|Any CPU
		Release|Any CPU = Release|Any CPU
	EndGlobalSection
	GlobalSection(SolutionProperties) = preSolution
		HideSolutionNode = FALSE
	EndGlobalSection
	GlobalSection(ProjectConfigurationPlatforms) = postSolution
		{ECFDD6C7-6918-4FB3-9391-F31E4136F89F}.Debug|Any CPU.ActiveCfg = Debug|Any CPU
		{ECFDD6C7-6918-4FB3-9391-F31E4136F89F}.Debug|Any CPU.Build.0 = Debug|Any CPU
		{ECFDD6C7-6918-4FB3-9391-F31E4136F89F}.Release|Any CPU.ActiveCfg = Release|Any CPU
		{ECFDD6C7-6918-4FB3-9391-F31E4136F89F}.Release|Any CPU.Build.0 = Release|Any CPU
		{FDC5411F-8A35-47D5-AE42-8F3ACCE4CD79}.Debug|Any CPU.ActiveCfg = Debug|Any CPU
		{FDC5411F-8A35-47D5-AE42-8F3ACCE4CD79}.Debug|Any CPU.Build.0 = Debug|Any CPU
		{FDC5411F-8A35-47D5-AE42-8F3ACCE4CD79}.Release|Any CPU.ActiveCfg = Release|Any CPU
		{FDC5411F-8A35-47D5-AE42-8F3ACCE4CD79}.Release|Any CPU.Build.0 = Release|Any CPU
	EndGlobalSection
EndGlobal
